
Microsoft Visual Studio Solution File, Format Version 12.00
# Visual Studio Version 17
VisualStudioVersion = 17.4.33213.308
MinimumVisualStudioVersion = 10.0.40219.1
Project("{8BC9CEB8-8B4A-11D0-8D11-00A0C91BC942}") = "WinAPI", "WinAPI\WinAPI.vcxproj", "{5C148117-DAE2-48DC-89A5-39AB66C9C9B7}"
EndProject
Project("{8BC9CEB8-8B4A-11D0-8D11-00A0C91BC942}") = "DialogBox", "DialogBox\DialogBox.vcxproj", "{11C807F5-5606-4784-A62C-A448C43A03FD}"
EndProject
Project("{8BC9CEB8-8B4A-11D0-8D11-00A0C91BC942}") = "MainWindows", "MainWimdows\MainWimdows.vcxproj", "{DD8ABB31-D366-4010-855D-C98E7DB10612}"
EndProject
Project("{8BC9CEB8-8B4A-11D0-8D11-00A0C91BC942}") = "Calc", "Calc\Calc.vcxproj", "{7D05C816-B5D7-4AF3-A34A-D0856B9857EF}"
EndProject
Global
	GlobalSection(SolutionConfigurationPlatforms) = preSolution
		Debug|x64 = Debug|x64
		Debug|x86 = Debug|x86
		Release|x64 = Release|x64
		Release|x86 = Release|x86
	EndGlobalSection
	GlobalSection(ProjectConfigurationPlatforms) = postSolution
		{5C148117-DAE2-48DC-89A5-39AB66C9C9B7}.Debug|x64.ActiveCfg = Debug|x64
		{5C148117-DAE2-48DC-89A5-39AB66C9C9B7}.Debug|x64.Build.0 = Debug|x64
		{5C148117-DAE2-48DC-89A5-39AB66C9C9B7}.Debug|x86.ActiveCfg = Debug|Win32
		{5C148117-DAE2-48DC-89A5-39AB66C9C9B7}.Debug|x86.Build.0 = Debug|Win32
		{5C148117-DAE2-48DC-89A5-39AB66C9C9B7}.Release|x64.ActiveCfg = Release|x64
		{5C148117-DAE2-48DC-89A5-39AB66C9C9B7}.Release|x64.Build.0 = Release|x64
		{5C148117-DAE2-48DC-89A5-39AB66C9C9B7}.Release|x86.ActiveCfg = Release|Win32
		{5C148117-DAE2-48DC-89A5-39AB66C9C9B7}.Release|x86.Build.0 = Release|Win32
		{11C807F5-5606-4784-A62C-A448C43A03FD}.Debug|x64.ActiveCfg = Debug|x64
		{11C807F5-5606-4784-A62C-A448C43A03FD}.Debug|x64.Build.0 = Debug|x64
		{11C807F5-5606-4784-A62C-A448C43A03FD}.Debug|x86.ActiveCfg = Debug|Win32
		{11C807F5-5606-4784-A62C-A448C43A03FD}.Debug|x86.Build.0 = Debug|Win32
		{11C807F5-5606-4784-A62C-A448C43A03FD}.Release|x64.ActiveCfg = Release|x64
		{11C807F5-5606-4784-A62C-A448C43A03FD}.Release|x64.Build.0 = Release|x64
		{11C807F5-5606-4784-A62C-A448C43A03FD}.Release|x86.ActiveCfg = Release|Win32
		{11C807F5-5606-4784-A62C-A448C43A03FD}.Release|x86.Build.0 = Release|Win32
		{DD8ABB31-D366-4010-855D-C98E7DB10612}.Debug|x64.ActiveCfg = Debug|x64
		{DD8ABB31-D366-4010-855D-C98E7DB10612}.Debug|x64.Build.0 = Debug|x64
		{DD8ABB31-D366-4010-855D-C98E7DB10612}.Debug|x86.ActiveCfg = Debug|Win32
		{DD8ABB31-D366-4010-855D-C98E7DB10612}.Debug|x86.Build.0 = Debug|Win32
		{DD8ABB31-D366-4010-855D-C98E7DB10612}.Release|x64.ActiveCfg = Release|x64
		{DD8ABB31-D366-4010-855D-C98E7DB10612}.Release|x64.Build.0 = Release|x64
		{DD8ABB31-D366-4010-855D-C98E7DB10612}.Release|x86.ActiveCfg = Release|Win32
		{DD8ABB31-D366-4010-855D-C98E7DB10612}.Release|x86.Build.0 = Release|Win32
		{7D05C816-B5D7-4AF3-A34A-D0856B9857EF}.Debug|x64.ActiveCfg = Debug|x64
		{7D05C816-B5D7-4AF3-A34A-D0856B9857EF}.Debug|x64.Build.0 = Debug|x64
		{7D05C816-B5D7-4AF3-A34A-D0856B9857EF}.Debug|x86.ActiveCfg = Debug|Win32
		{7D05C816-B5D7-4AF3-A34A-D0856B9857EF}.Debug|x86.Build.0 = Debug|Win32
		{7D05C816-B5D7-4AF3-A34A-D0856B9857EF}.Release|x64.ActiveCfg = Release|x64
		{7D05C816-B5D7-4AF3-A34A-D0856B9857EF}.Release|x64.Build.0 = Release|x64
		{7D05C816-B5D7-4AF3-A34A-D0856B9857EF}.Release|x86.ActiveCfg = Release|Win32
		{7D05C816-B5D7-4AF3-A34A-D0856B9857EF}.Release|x86.Build.0 = Release|Win32
	EndGlobalSection
	GlobalSection(SolutionProperties) = preSolution
		HideSolutionNode = FALSE
	EndGlobalSection
	GlobalSection(ExtensibilityGlobals) = postSolution
		SolutionGuid = {6F4E3BF2-93AC-4251-B229-8CAC8C69D81D}
	EndGlobalSection
EndGlobal
